
Microsoft Visual Studio Solution File, Format Version 12.00
# Visual Studio Version 17
VisualStudioVersion = 17.0.31912.275
MinimumVisualStudioVersion = 10.0.40219.1
Project("{FAE04EC0-301F-11D3-BF4B-00C04F79EFBC}") = "FoodTruckLocator.Web", "FoodTruckLocator.Web\FoodTruckLocator.Web.csproj", "{7C342324-83BB-4064-A2AD-2FAFD1B81D5A}"
EndProject
Project("{FAE04EC0-301F-11D3-BF4B-00C04F79EFBC}") = "FoodTruckLocator.Api", "FoodTruckLocator.Api\FoodTruckLocator.Api.csproj", "{CDF51921-E409-4306-8572-D45939042BB7}"
EndProject
Project("{FAE04EC0-301F-11D3-BF4B-00C04F79EFBC}") = "FoodTruckLocator.Model", "FoodTruckLocator.Model\FoodTruckLocator.Model.csproj", "{8680444B-5C75-42F2-84DE-1E22DC4F3143}"
EndProject
Global
	GlobalSection(SolutionConfigurationPlatforms) = preSolution
		Debug|Any CPU = Debug|Any CPU
		Release|Any CPU = Release|Any CPU
	EndGlobalSection
	GlobalSection(ProjectConfigurationPlatforms) = postSolution
		{7C342324-83BB-4064-A2AD-2FAFD1B81D5A}.Debug|Any CPU.ActiveCfg = Debug|Any CPU
		{7C342324-83BB-4064-A2AD-2FAFD1B81D5A}.Debug|Any CPU.Build.0 = Debug|Any CPU
		{7C342324-83BB-4064-A2AD-2FAFD1B81D5A}.Release|Any CPU.ActiveCfg = Release|Any CPU
		{7C342324-83BB-4064-A2AD-2FAFD1B81D5A}.Release|Any CPU.Build.0 = Release|Any CPU
		{CDF51921-E409-4306-8572-D45939042BB7}.Debug|Any CPU.ActiveCfg = Debug|Any CPU
		{CDF51921-E409-4306-8572-D45939042BB7}.Debug|Any CPU.Build.0 = Debug|Any CPU
		{CDF51921-E409-4306-8572-D45939042BB7}.Release|Any CPU.ActiveCfg = Release|Any CPU
		{CDF51921-E409-4306-8572-D45939042BB7}.Release|Any CPU.Build.0 = Release|Any CPU
		{8680444B-5C75-42F2-84DE-1E22DC4F3143}.Debug|Any CPU.ActiveCfg = Debug|Any CPU
		{8680444B-5C75-42F2-84DE-1E22DC4F3143}.Debug|Any CPU.Build.0 = Debug|Any CPU
		{8680444B-5C75-42F2-84DE-1E22DC4F3143}.Release|Any CPU.ActiveCfg = Release|Any CPU
		{8680444B-5C75-42F2-84DE-1E22DC4F3143}.Release|Any CPU.Build.0 = Release|Any CPU
	EndGlobalSection
	GlobalSection(SolutionProperties) = preSolution
		HideSolutionNode = FALSE
	EndGlobalSection
	GlobalSection(ExtensibilityGlobals) = postSolution
		SolutionGuid = {77D2CB5A-6FEF-4CFD-AC51-ADD9368E7751}
	EndGlobalSection
EndGlobal
